
Microsoft Visual Studio Solution File, Format Version 12.00
# Visual Studio Version 17
VisualStudioVersion = 17.0.31903.59
MinimumVisualStudioVersion = 10.0.40219.1
Project("{9A19103F-16F7-4668-BE54-9A1E7A4F7556}") = "Lexer", "Lexer\Lexing.csproj", "{655F1540-19E3-461D-9432-191E8332680B}"
EndProject
Project("{9A19103F-16F7-4668-BE54-9A1E7A4F7556}") = "Test", "Test\Test.csproj", "{724FFBA0-901B-4C2E-AA38-525751A4E8BF}"
EndProject
Project("{9A19103F-16F7-4668-BE54-9A1E7A4F7556}") = "TestREPL", "TestREPL\TestREPL.csproj", "{08FEF482-6E27-4184-AA80-52E6AF2EFBDF}"
EndProject
Project("{9A19103F-16F7-4668-BE54-9A1E7A4F7556}") = "Parsing", "Parser\Parsing.csproj", "{7E455DC3-C693-4DA9-9BA5-6349BD0E481E}"
EndProject
Project("{9A19103F-16F7-4668-BE54-9A1E7A4F7556}") = "AST", "AST\AST.csproj", "{95D5002F-80FE-4A31-A14B-3CA248EC053D}"
EndProject
Project("{9A19103F-16F7-4668-BE54-9A1E7A4F7556}") = "Analyzer", "Analyzer\Analyzing.csproj", "{FA2847FB-8524-472C-96E2-FC5B481A96A4}"
EndProject
Global
	GlobalSection(SolutionConfigurationPlatforms) = preSolution
		Debug|Any CPU = Debug|Any CPU
		Release|Any CPU = Release|Any CPU
	EndGlobalSection
	GlobalSection(ProjectConfigurationPlatforms) = postSolution
		{655F1540-19E3-461D-9432-191E8332680B}.Debug|Any CPU.ActiveCfg = Debug|Any CPU
		{655F1540-19E3-461D-9432-191E8332680B}.Debug|Any CPU.Build.0 = Debug|Any CPU
		{655F1540-19E3-461D-9432-191E8332680B}.Release|Any CPU.ActiveCfg = Release|Any CPU
		{655F1540-19E3-461D-9432-191E8332680B}.Release|Any CPU.Build.0 = Release|Any CPU
		{724FFBA0-901B-4C2E-AA38-525751A4E8BF}.Debug|Any CPU.ActiveCfg = Debug|Any CPU
		{724FFBA0-901B-4C2E-AA38-525751A4E8BF}.Debug|Any CPU.Build.0 = Debug|Any CPU
		{724FFBA0-901B-4C2E-AA38-525751A4E8BF}.Release|Any CPU.ActiveCfg = Release|Any CPU
		{724FFBA0-901B-4C2E-AA38-525751A4E8BF}.Release|Any CPU.Build.0 = Release|Any CPU
		{08FEF482-6E27-4184-AA80-52E6AF2EFBDF}.Debug|Any CPU.ActiveCfg = Debug|Any CPU
		{08FEF482-6E27-4184-AA80-52E6AF2EFBDF}.Debug|Any CPU.Build.0 = Debug|Any CPU
		{08FEF482-6E27-4184-AA80-52E6AF2EFBDF}.Release|Any CPU.ActiveCfg = Release|Any CPU
		{08FEF482-6E27-4184-AA80-52E6AF2EFBDF}.Release|Any CPU.Build.0 = Release|Any CPU
		{7E455DC3-C693-4DA9-9BA5-6349BD0E481E}.Debug|Any CPU.ActiveCfg = Debug|Any CPU
		{7E455DC3-C693-4DA9-9BA5-6349BD0E481E}.Debug|Any CPU.Build.0 = Debug|Any CPU
		{7E455DC3-C693-4DA9-9BA5-6349BD0E481E}.Release|Any CPU.ActiveCfg = Release|Any CPU
		{7E455DC3-C693-4DA9-9BA5-6349BD0E481E}.Release|Any CPU.Build.0 = Release|Any CPU
		{95D5002F-80FE-4A31-A14B-3CA248EC053D}.Debug|Any CPU.ActiveCfg = Debug|Any CPU
		{95D5002F-80FE-4A31-A14B-3CA248EC053D}.Debug|Any CPU.Build.0 = Debug|Any CPU
		{95D5002F-80FE-4A31-A14B-3CA248EC053D}.Release|Any CPU.ActiveCfg = Release|Any CPU
		{95D5002F-80FE-4A31-A14B-3CA248EC053D}.Release|Any CPU.Build.0 = Release|Any CPU
		{FA2847FB-8524-472C-96E2-FC5B481A96A4}.Debug|Any CPU.ActiveCfg = Debug|Any CPU
		{FA2847FB-8524-472C-96E2-FC5B481A96A4}.Debug|Any CPU.Build.0 = Debug|Any CPU
		{FA2847FB-8524-472C-96E2-FC5B481A96A4}.Release|Any CPU.ActiveCfg = Release|Any CPU
		{FA2847FB-8524-472C-96E2-FC5B481A96A4}.Release|Any CPU.Build.0 = Release|Any CPU
	EndGlobalSection
	GlobalSection(SolutionProperties) = preSolution
		HideSolutionNode = FALSE
	EndGlobalSection
	GlobalSection(ExtensibilityGlobals) = postSolution
		SolutionGuid = {8DB85895-E90D-4B2D-B10B-104976A7828F}
	EndGlobalSection
	GlobalSection(MonoDevelopProperties) = preSolution
		Policies = $0
		$0.DotNetNamingPolicy = $1
		$1.DirectoryNamespaceAssociation = PrefixedHierarchical
		$0.TextStylePolicy = $4
		$2.inheritsSet = null
		$2.scope = text/x-csharp
		$0.CSharpFormattingPolicy = $3
		$3.scope = text/x-csharp
		$4.FileWidth = 80
		$4.TabsToSpaces = True
		$4.scope = text/plain
		$0.StandardHeader = $5
	EndGlobalSection
EndGlobal
